
Microsoft Visual Studio Solution File, Format Version 12.00
# Visual Studio Version 17
VisualStudioVersion = 17.7.34031.279
MinimumVisualStudioVersion = 10.0.40219.1
Project("{FAE04EC0-301F-11D3-BF4B-00C04F79EFBC}") = "P02_FootballBetting", "P02_FootballBetting\P02_FootballBetting.csproj", "{AEACAF95-F1C7-419D-87D6-57BE69394F79}"
EndProject
Project("{FAE04EC0-301F-11D3-BF4B-00C04F79EFBC}") = "P02_FootballBetting.Data", "P02_FootballBetting.Data\P02_FootballBetting.Data.csproj", "{AA2A42C1-F325-4F2F-83A8-4FC234EAC455}"
EndProject
Project("{FAE04EC0-301F-11D3-BF4B-00C04F79EFBC}") = "P02_FootballBetting.Data.Models", "P02_FootballBetting.Data.Models\P02_FootballBetting.Data.Models.csproj", "{3BEC2E07-E685-438C-A7B2-D78246C5BFD0}"
EndProject
Global
	GlobalSection(SolutionConfigurationPlatforms) = preSolution
		Debug|Any CPU = Debug|Any CPU
		Release|Any CPU = Release|Any CPU
	EndGlobalSection
	GlobalSection(ProjectConfigurationPlatforms) = postSolution
		{AEACAF95-F1C7-419D-87D6-57BE69394F79}.Debug|Any CPU.ActiveCfg = Debug|Any CPU
		{AEACAF95-F1C7-419D-87D6-57BE69394F79}.Debug|Any CPU.Build.0 = Debug|Any CPU
		{AEACAF95-F1C7-419D-87D6-57BE69394F79}.Release|Any CPU.ActiveCfg = Release|Any CPU
		{AEACAF95-F1C7-419D-87D6-57BE69394F79}.Release|Any CPU.Build.0 = Release|Any CPU
		{AA2A42C1-F325-4F2F-83A8-4FC234EAC455}.Debug|Any CPU.ActiveCfg = Debug|Any CPU
		{AA2A42C1-F325-4F2F-83A8-4FC234EAC455}.Debug|Any CPU.Build.0 = Debug|Any CPU
		{AA2A42C1-F325-4F2F-83A8-4FC234EAC455}.Release|Any CPU.ActiveCfg = Release|Any CPU
		{AA2A42C1-F325-4F2F-83A8-4FC234EAC455}.Release|Any CPU.Build.0 = Release|Any CPU
		{3BEC2E07-E685-438C-A7B2-D78246C5BFD0}.Debug|Any CPU.ActiveCfg = Debug|Any CPU
		{3BEC2E07-E685-438C-A7B2-D78246C5BFD0}.Debug|Any CPU.Build.0 = Debug|Any CPU
		{3BEC2E07-E685-438C-A7B2-D78246C5BFD0}.Release|Any CPU.ActiveCfg = Release|Any CPU
		{3BEC2E07-E685-438C-A7B2-D78246C5BFD0}.Release|Any CPU.Build.0 = Release|Any CPU
	EndGlobalSection
	GlobalSection(SolutionProperties) = preSolution
		HideSolutionNode = FALSE
	EndGlobalSection
	GlobalSection(ExtensibilityGlobals) = postSolution
		SolutionGuid = {CB62610B-E5A8-442C-9A80-50B3249A15E5}
	EndGlobalSection
EndGlobal
